
Microsoft Visual Studio Solution File, Format Version 12.00
# Visual Studio Version 17
VisualStudioVersion = 17.13.35919.96
MinimumVisualStudioVersion = 10.0.40219.1
Project("{FAE04EC0-301F-11D3-BF4B-00C04F79EFBC}") = "TwoSum-ver2.0", "TwoSum-ver2.0\TwoSum-ver2.0.csproj", "{98073BCB-3EDE-4205-A671-E4B82CE40ED8}"
EndProject
Project("{FAE04EC0-301F-11D3-BF4B-00C04F79EFBC}") = "TwoSum-ver1.0", "TwoSum-ver1.0\TwoSum-ver1.0.csproj", "{4002479D-E869-40CD-B9A1-A718146B5EE4}"
EndProject
Project("{FAE04EC0-301F-11D3-BF4B-00C04F79EFBC}") = "TwoSum-ver3.0", "TwoSum-ver3.0\TwoSum-ver3.0.csproj", "{F24F8370-2BCF-4EBD-8BCB-C6D8D084AB70}"
EndProject
Project("{2150E333-8FDC-42A3-9474-1A3956D46DE8}") = "TwoSum", "TwoSum", "{36D591C7-65C7-A0D1-1CBC-10CDE441BDC8}"
EndProject
Project("{2150E333-8FDC-42A3-9474-1A3956D46DE8}") = "LongestSubstring", "LongestSubstring", "{000F8C36-9142-41E7-8ADC-C25458D6F83A}"
EndProject
Project("{FAE04EC0-301F-11D3-BF4B-00C04F79EFBC}") = "ver-01", "ver-01\ver-01.csproj", "{31D8DE93-9194-4AE2-BFF2-5E7828C2F6FC}"
EndProject
Project("{2150E333-8FDC-42A3-9474-1A3956D46DE8}") = "ReversInteger", "ReversInteger", "{55E84B91-4695-412D-A538-64C1D087B424}"
EndProject
Project("{FAE04EC0-301F-11D3-BF4B-00C04F79EFBC}") = "ReverseIntegerVer01", "ReverseIntegerVer01\ReverseIntegerVer01.csproj", "{CDFEAD5E-240D-430E-864F-7A3D97B61018}"
EndProject
Global
	GlobalSection(SolutionConfigurationPlatforms) = preSolution
		Debug|Any CPU = Debug|Any CPU
		Release|Any CPU = Release|Any CPU
	EndGlobalSection
	GlobalSection(ProjectConfigurationPlatforms) = postSolution
		{98073BCB-3EDE-4205-A671-E4B82CE40ED8}.Debug|Any CPU.ActiveCfg = Debug|Any CPU
		{98073BCB-3EDE-4205-A671-E4B82CE40ED8}.Debug|Any CPU.Build.0 = Debug|Any CPU
		{98073BCB-3EDE-4205-A671-E4B82CE40ED8}.Release|Any CPU.ActiveCfg = Release|Any CPU
		{98073BCB-3EDE-4205-A671-E4B82CE40ED8}.Release|Any CPU.Build.0 = Release|Any CPU
		{4002479D-E869-40CD-B9A1-A718146B5EE4}.Debug|Any CPU.ActiveCfg = Debug|Any CPU
		{4002479D-E869-40CD-B9A1-A718146B5EE4}.Debug|Any CPU.Build.0 = Debug|Any CPU
		{4002479D-E869-40CD-B9A1-A718146B5EE4}.Release|Any CPU.ActiveCfg = Release|Any CPU
		{4002479D-E869-40CD-B9A1-A718146B5EE4}.Release|Any CPU.Build.0 = Release|Any CPU
		{F24F8370-2BCF-4EBD-8BCB-C6D8D084AB70}.Debug|Any CPU.ActiveCfg = Debug|Any CPU
		{F24F8370-2BCF-4EBD-8BCB-C6D8D084AB70}.Debug|Any CPU.Build.0 = Debug|Any CPU
		{F24F8370-2BCF-4EBD-8BCB-C6D8D084AB70}.Release|Any CPU.ActiveCfg = Release|Any CPU
		{F24F8370-2BCF-4EBD-8BCB-C6D8D084AB70}.Release|Any CPU.Build.0 = Release|Any CPU
		{31D8DE93-9194-4AE2-BFF2-5E7828C2F6FC}.Debug|Any CPU.ActiveCfg = Debug|Any CPU
		{31D8DE93-9194-4AE2-BFF2-5E7828C2F6FC}.Debug|Any CPU.Build.0 = Debug|Any CPU
		{31D8DE93-9194-4AE2-BFF2-5E7828C2F6FC}.Release|Any CPU.ActiveCfg = Release|Any CPU
		{31D8DE93-9194-4AE2-BFF2-5E7828C2F6FC}.Release|Any CPU.Build.0 = Release|Any CPU
		{CDFEAD5E-240D-430E-864F-7A3D97B61018}.Debug|Any CPU.ActiveCfg = Debug|Any CPU
		{CDFEAD5E-240D-430E-864F-7A3D97B61018}.Debug|Any CPU.Build.0 = Debug|Any CPU
		{CDFEAD5E-240D-430E-864F-7A3D97B61018}.Release|Any CPU.ActiveCfg = Release|Any CPU
		{CDFEAD5E-240D-430E-864F-7A3D97B61018}.Release|Any CPU.Build.0 = Release|Any CPU
	EndGlobalSection
	GlobalSection(SolutionProperties) = preSolution
		HideSolutionNode = FALSE
	EndGlobalSection
	GlobalSection(NestedProjects) = preSolution
		{98073BCB-3EDE-4205-A671-E4B82CE40ED8} = {36D591C7-65C7-A0D1-1CBC-10CDE441BDC8}
		{4002479D-E869-40CD-B9A1-A718146B5EE4} = {36D591C7-65C7-A0D1-1CBC-10CDE441BDC8}
		{F24F8370-2BCF-4EBD-8BCB-C6D8D084AB70} = {36D591C7-65C7-A0D1-1CBC-10CDE441BDC8}
		{31D8DE93-9194-4AE2-BFF2-5E7828C2F6FC} = {000F8C36-9142-41E7-8ADC-C25458D6F83A}
		{CDFEAD5E-240D-430E-864F-7A3D97B61018} = {55E84B91-4695-412D-A538-64C1D087B424}
	EndGlobalSection
	GlobalSection(ExtensibilityGlobals) = postSolution
		SolutionGuid = {3227B61F-CB27-4EF0-8D19-550F29EFCD5B}
	EndGlobalSection
EndGlobal
